{
  "lockfileVersion": 1,
  "configVersion": 0,
  "workspaces": {
    "": {
      "name": "@aklinker1/check",
      "dependencies": {
        "ci-info": "*",
      },
      "devDependencies": {
        "@types/bun": "latest",
        "@typescript/native-preview": "^7.0.0-dev.20251114.1",
        "oxlint": "^1.22.0",
        "publint": "^0.3.14",
        "tsdown": "^0.15.9",
        "typescript": "^5.9.3",
      },
    },
  },
  "packages": {
    "@babel/generator": ["@babel/generator@7.28.5", "", { "dependencies": { "@babel/parser": "^7.28.5", "@babel/types": "^7.28.5", "@jridgewell/gen-mapping": "^0.3.12", "@jridgewell/trace-mapping": "^0.3.28", "jsesc": "^3.0.2" } }, "sha512-3EwLFhZ38J4VyIP6WNtt2kUdW9dokXA9Cr4IVIFHuCpZ3H8/YFOl5JjZHisrn1fATPBmKKqXzDFvh9fUwHz6CQ=="],

    "@babel/helper-string-parser": ["@babel/helper-string-parser@7.27.1", "", {}, "sha512-qMlSxKbpRlAridDExk92nSobyDdpPijUq2DW6oDnUqd0iOGxmQjyqhMIihI9+zv4LPyZdRje2cavWPbCbWm3eA=="],

    "@babel/helper-validator-identifier": ["@babel/helper-validator-identifier@7.28.5", "", {}, "sha512-qSs4ifwzKJSV39ucNjsvc6WVHs6b7S03sOh2OcHF9UHfVPqWWALUsNUVzhSBiItjRZoLHx7nIarVjqKVusUZ1Q=="],

    "@babel/parser": ["@babel/parser@7.28.5", "", { "dependencies": { "@babel/types": "^7.28.5" }, "bin": "./bin/babel-parser.js" }, "sha512-KKBU1VGYR7ORr3At5HAtUQ+TV3SzRCXmA/8OdDZiLDBIZxVyzXuztPjfLd3BV1PRAQGCMWWSHYhL0F8d5uHBDQ=="],

    "@babel/types": ["@babel/types@7.28.5", "", { "dependencies": { "@babel/helper-string-parser": "^7.27.1", "@babel/helper-validator-identifier": "^7.28.5" } }, "sha512-qQ5m48eI/MFLQ5PxQj4PFaprjyCTLI37ElWMmNs0K8Lk3dVeOdNpB3ks8jc7yM5CDmVC73eMVk/trk3fgmrUpA=="],

    "@emnapi/core": ["@emnapi/core@1.6.0", "", { "dependencies": { "@emnapi/wasi-threads": "1.1.0", "tslib": "^2.4.0" } }, "sha512-zq/ay+9fNIJJtJiZxdTnXS20PllcYMX3OE23ESc4HK/bdYu3cOWYVhsOhVnXALfU/uqJIxn5NBPd9z4v+SfoSg=="],

    "@emnapi/runtime": ["@emnapi/runtime@1.6.0", "", { "dependencies": { "tslib": "^2.4.0" } }, "sha512-obtUmAHTMjll499P+D9A3axeJFlhdjOWdKUNs/U6QIGT7V5RjcUW1xToAzjvmgTSQhDbYn/NwfTRoJcQ2rNBxA=="],

    "@emnapi/wasi-threads": ["@emnapi/wasi-threads@1.1.0", "", { "dependencies": { "tslib": "^2.4.0" } }, "sha512-WI0DdZ8xFSbgMjR1sFsKABJ/C5OnRrjT06JXbZKexJGrDuPTzZdDYfFlsgcCXCyf+suG5QU2e/y1Wo2V/OapLQ=="],

    "@jridgewell/gen-mapping": ["@jridgewell/gen-mapping@0.3.13", "", { "dependencies": { "@jridgewell/sourcemap-codec": "^1.5.0", "@jridgewell/trace-mapping": "^0.3.24" } }, "sha512-2kkt/7niJ6MgEPxF0bYdQ6etZaA+fQvDcLKckhy1yIQOzaoKjBBjSj63/aLVjYE3qhRt5dvM+uUyfCg6UKCBbA=="],

    "@jridgewell/resolve-uri": ["@jridgewell/resolve-uri@3.1.2", "", {}, "sha512-bRISgCIjP20/tbWSPWMEi54QVPRZExkuD9lJL+UIxUKtwVJA8wW1Trb1jMs1RFXo1CBTNZ/5hpC9QvmKWdopKw=="],

    "@jridgewell/sourcemap-codec": ["@jridgewell/sourcemap-codec@1.5.5", "", {}, "sha512-cYQ9310grqxueWbl+WuIUIaiUaDcj7WOq5fVhEljNVgRfOUhY9fy2zTvfoqWsnebh8Sl70VScFbICvJnLKB0Og=="],

    "@jridgewell/trace-mapping": ["@jridgewell/trace-mapping@0.3.31", "", { "dependencies": { "@jridgewell/resolve-uri": "^3.1.0", "@jridgewell/sourcemap-codec": "^1.4.14" } }, "sha512-zzNR+SdQSDJzc8joaeP8QQoCQr8NuYx2dIIytl1QeBEZHJ9uW6hebsrYgbz8hJwUQao3TWCMtmfV8Nu1twOLAw=="],

    "@napi-rs/wasm-runtime": ["@napi-rs/wasm-runtime@1.0.7", "", { "dependencies": { "@emnapi/core": "^1.5.0", "@emnapi/runtime": "^1.5.0", "@tybys/wasm-util": "^0.10.1" } }, "sha512-SeDnOO0Tk7Okiq6DbXmmBODgOAb9dp9gjlphokTUxmt8U3liIP1ZsozBahH69j/RJv+Rfs6IwUKHTgQYJ/HBAw=="],

    "@oxc-project/types": ["@oxc-project/types@0.95.0", "", {}, "sha512-vACy7vhpMPhjEJhULNxrdR0D943TkA/MigMpJCHmBHvMXxRStRi/dPtTlfQ3uDwWSzRpT8z+7ImjZVf8JWBocQ=="],

    "@oxlint/darwin-arm64": ["@oxlint/darwin-arm64@1.22.0", "", { "os": "darwin", "cpu": "arm64" }, "sha512-vfgwTA1CowVaU3QXFBjfGjbPsHbdjAiJnWX5FBaq8uXS8tksGgl0ue14MK6fVnXncWK9j69LRnkteGTixxDAfA=="],

    "@oxlint/darwin-x64": ["@oxlint/darwin-x64@1.22.0", "", { "os": "darwin", "cpu": "x64" }, "sha512-70x7Y+e0Ddb2Cf2IZsYGnXZrnB/MZgOTi/VkyXZucbnQcpi2VoaYS4Ve662DaNkzvTxdKOGmyJVMmD/digdJLQ=="],

    "@oxlint/linux-arm64-gnu": ["@oxlint/linux-arm64-gnu@1.22.0", "", { "os": "linux", "cpu": "arm64" }, "sha512-Rv94lOyEV8WEuzhjJSpCW3DbL/tlOVizPxth1v5XAFuQdM5rgpOMs3TsAf/YFUn52/qenwVglyvQZL8oAUYlpg=="],

    "@oxlint/linux-arm64-musl": ["@oxlint/linux-arm64-musl@1.22.0", "", { "os": "linux", "cpu": "arm64" }, "sha512-Aau6V6Osoyb3SFmRejP3rRhs1qhep4aJTdotFf1RVMVSLJkF7Ir0p+eGZSaIJyylFZuCCxHpud3hWasphmZnzw=="],

    "@oxlint/linux-x64-gnu": ["@oxlint/linux-x64-gnu@1.22.0", "", { "os": "linux", "cpu": "x64" }, "sha512-6eOtv+2gHrKw/hxUkV6hJdvYhzr0Dqzb4oc7sNlWxp64jU6I19tgMwSlmtn02r34YNSn+/NpZ/ECvQrycKUUFQ=="],

    "@oxlint/linux-x64-musl": ["@oxlint/linux-x64-musl@1.22.0", "", { "os": "linux", "cpu": "x64" }, "sha512-c4O7qD7TCEfPE/FFKYvakF2sQoIP0LFZB8F5AQK4K9VYlyT1oENNRCdIiMu6irvLelOzJzkUM0XrvUCL9Kkxrw=="],

    "@oxlint/win32-arm64": ["@oxlint/win32-arm64@1.22.0", "", { "os": "win32", "cpu": "arm64" }, "sha512-6DJwF5A9VoIbSWNexLYubbuteAL23l3YN00wUL7Wt4ZfEZu2f/lWtGB9yC9BfKLXzudq8MvGkrS0szmV0bc1VQ=="],

    "@oxlint/win32-x64": ["@oxlint/win32-x64@1.22.0", "", { "os": "win32", "cpu": "x64" }, "sha512-nf8EZnIUgIrHlP9k26iOFMZZPoJG16KqZBXu5CG5YTAtVcu4CWlee9Q/cOS/rgQNGjLF+WPw8sVA5P3iGlYGQQ=="],

    "@publint/pack": ["@publint/pack@0.1.2", "", {}, "sha512-S+9ANAvUmjutrshV4jZjaiG8XQyuJIZ8a4utWmN/vW1sgQ9IfBnPndwkmQYw53QmouOIytT874u65HEmu6H5jw=="],

    "@quansync/fs": ["@quansync/fs@0.1.5", "", { "dependencies": { "quansync": "^0.2.11" } }, "sha512-lNS9hL2aS2NZgNW7BBj+6EBl4rOf8l+tQ0eRY6JWCI8jI2kc53gSoqbjojU0OnAWhzoXiOjFyGsHcDGePB3lhA=="],

    "@rolldown/binding-android-arm64": ["@rolldown/binding-android-arm64@1.0.0-beta.44", "", { "os": "android", "cpu": "arm64" }, "sha512-g9ejDOehJFhxC1DIXQuZQ9bKv4lRDioOTL42cJjFjqKPl1L7DVb9QQQE1FxokGEIMr6FezLipxwnzOXWe7DNPg=="],

    "@rolldown/binding-darwin-arm64": ["@rolldown/binding-darwin-arm64@1.0.0-beta.44", "", { "os": "darwin", "cpu": "arm64" }, "sha512-PxAW1PXLPmCzfhfKIS53kwpjLGTUdIfX4Ht+l9mj05C3lYCGaGowcNsYi2rdxWH24vSTmeK+ajDNRmmmrK0M7g=="],

    "@rolldown/binding-darwin-x64": ["@rolldown/binding-darwin-x64@1.0.0-beta.44", "", { "os": "darwin", "cpu": "x64" }, "sha512-/CtQqs1oO9uSb5Ju60rZvsdjE7Pzn8EK2ISAdl2jedjMzeD/4neNyCbwyJOAPzU+GIQTZVyrFZJX+t7HXR1R/g=="],

    "@rolldown/binding-freebsd-x64": ["@rolldown/binding-freebsd-x64@1.0.0-beta.44", "", { "os": "freebsd", "cpu": "x64" }, "sha512-V5Q5W9c4+2GJ4QabmjmVV6alY97zhC/MZBaLkDtHwGy3qwzbM4DYgXUbun/0a8AH5hGhuU27tUIlYz6ZBlvgOA=="],

    "@rolldown/binding-linux-arm-gnueabihf": ["@rolldown/binding-linux-arm-gnueabihf@1.0.0-beta.44", "", { "os": "linux", "cpu": "arm" }, "sha512-X6adjkHeFqKsTU0FXdNN9HY4LDozPqIfHcnXovE5RkYLWIjMWuc489mIZ6iyhrMbCqMUla9IOsh5dvXSGT9o9A=="],

    "@rolldown/binding-linux-arm64-gnu": ["@rolldown/binding-linux-arm64-gnu@1.0.0-beta.44", "", { "os": "linux", "cpu": "arm64" }, "sha512-kRRKGZI4DXWa6ANFr3dLA85aSVkwPdgXaRjfanwY84tfc3LncDiIjyWCb042e3ckPzYhHSZ3LmisO+cdOIYL6Q=="],

    "@rolldown/binding-linux-arm64-musl": ["@rolldown/binding-linux-arm64-musl@1.0.0-beta.44", "", { "os": "linux", "cpu": "arm64" }, "sha512-hMtiN9xX1NhxXBa2U3Up4XkVcsVp2h73yYtMDY59z9CDLEZLrik9RVLhBL5QtoX4zZKJ8HZKJtWuGYvtmkCbIQ=="],

    "@rolldown/binding-linux-x64-gnu": ["@rolldown/binding-linux-x64-gnu@1.0.0-beta.44", "", { "os": "linux", "cpu": "x64" }, "sha512-rd1LzbpXQuR8MTG43JB9VyXDjG7ogSJbIkBpZEHJ8oMKzL6j47kQT5BpIXrg3b5UVygW9QCI2fpFdMocT5Kudg=="],

    "@rolldown/binding-linux-x64-musl": ["@rolldown/binding-linux-x64-musl@1.0.0-beta.44", "", { "os": "linux", "cpu": "x64" }, "sha512-qI2IiPqmPRW25exXkuQr3TlweCDc05YvvbSDRPCuPsWkwb70dTiSoXn8iFxT4PWqTi71wWHg1Wyta9PlVhX5VA=="],

    "@rolldown/binding-openharmony-arm64": ["@rolldown/binding-openharmony-arm64@1.0.0-beta.44", "", { "os": "none", "cpu": "arm64" }, "sha512-+vHvEc1pL5iJRFlldLC8mjm6P4Qciyfh2bh5ZI6yxDQKbYhCHRKNURaKz1mFcwxhVL5YMYsLyaqM3qizVif9MQ=="],

    "@rolldown/binding-wasm32-wasi": ["@rolldown/binding-wasm32-wasi@1.0.0-beta.44", "", { "dependencies": { "@napi-rs/wasm-runtime": "^1.0.7" }, "cpu": "none" }, "sha512-XSgLxRrtFj6RpTeMYmmQDAwHjKseYGKUn5LPiIdW4Cq+f5SBSStL2ToBDxkbdxKPEbCZptnLPQ/nfKcAxrC8Xg=="],

    "@rolldown/binding-win32-arm64-msvc": ["@rolldown/binding-win32-arm64-msvc@1.0.0-beta.44", "", { "os": "win32", "cpu": "arm64" }, "sha512-cF1LJdDIX02cJrFrX3wwQ6IzFM7I74BYeKFkzdcIA4QZ0+2WA7/NsKIgjvrunupepWb1Y6PFWdRlHSaz5AW1Wg=="],

    "@rolldown/binding-win32-ia32-msvc": ["@rolldown/binding-win32-ia32-msvc@1.0.0-beta.44", "", { "os": "win32", "cpu": "ia32" }, "sha512-5uaJonDafhHiMn+iEh7qUp3QQ4Gihv3lEOxKfN8Vwadpy0e+5o28DWI42DpJ9YBYMrVy4JOWJ/3etB/sptpUwA=="],

    "@rolldown/binding-win32-x64-msvc": ["@rolldown/binding-win32-x64-msvc@1.0.0-beta.44", "", { "os": "win32", "cpu": "x64" }, "sha512-vsqhWAFJkkmgfBN/lkLCWTXF1PuPhMjfnAyru48KvF7mVh2+K7WkKYHezF3Fjz4X/mPScOcIv+g6cf6wnI6eWg=="],

    "@rolldown/pluginutils": ["@rolldown/pluginutils@1.0.0-beta.44", "", {}, "sha512-g6eW7Zwnr2c5RADIoqziHoVs6b3W5QTQ4+qbpfjbkMJ9x+8Og211VW/oot2dj9dVwaK/UyC6Yo+02gV+wWQVNg=="],

    "@tybys/wasm-util": ["@tybys/wasm-util@0.10.1", "", { "dependencies": { "tslib": "^2.4.0" } }, "sha512-9tTaPJLSiejZKx+Bmog4uSubteqTvFrVrURwkmHixBo0G4seD0zUxp98E1DzUBJxLQ3NPwXrGKDiVjwx/DpPsg=="],

    "@types/bun": ["@types/bun@1.0.8", "", { "dependencies": { "bun-types": "1.0.29" } }, "sha512-E6UWZuN4ymAxzUBWVIGDHJ3Zey7I8cMzDZ+cB1BqhZsmd1uPb9iAQzpWMruY1mKzsuD3R+dZPoBkZz8QL1KhSA=="],

    "@types/node": ["@types/node@20.11.25", "", { "dependencies": { "undici-types": "~5.26.4" } }, "sha512-TBHyJxk2b7HceLVGFcpAUjsa5zIdsPWlR6XHfyGzd0SFu+/NFgQgMAl96MSDZgQDvJAvV6BKsFOrt6zIL09JDw=="],

    "@types/ws": ["@types/ws@8.5.10", "", { "dependencies": { "@types/node": "*" } }, "sha512-vmQSUcfalpIq0R9q7uTo2lXs6eGIpt9wtnLdMv9LVpIjCA/+ufZRozlVoVelIYixx1ugCBKDhn89vnsEGOCx9A=="],

    "@typescript/native-preview": ["@typescript/native-preview@7.0.0-dev.20251114.1", "", { "optionalDependencies": { "@typescript/native-preview-darwin-arm64": "7.0.0-dev.20251114.1", "@typescript/native-preview-darwin-x64": "7.0.0-dev.20251114.1", "@typescript/native-preview-linux-arm": "7.0.0-dev.20251114.1", "@typescript/native-preview-linux-arm64": "7.0.0-dev.20251114.1", "@typescript/native-preview-linux-x64": "7.0.0-dev.20251114.1", "@typescript/native-preview-win32-arm64": "7.0.0-dev.20251114.1", "@typescript/native-preview-win32-x64": "7.0.0-dev.20251114.1" }, "bin": { "tsgo": "bin/tsgo.js" } }, "sha512-Am1ISG+Iz8mGHfUgZtm9WHSM1kPc8p0RcyoD2eO3cPprBMvttFnAqQ8X5GVGPxOrQBglQ69kkd6+mnkZ0k9YUA=="],

    "@typescript/native-preview-darwin-arm64": ["@typescript/native-preview-darwin-arm64@7.0.0-dev.20251114.1", "", { "os": "darwin", "cpu": "arm64" }, "sha512-UMEVTWi17OjarFM18CIkO9wm0JyZanQ9UxXJS5qL0D1Pk9rOKb6nkI1VxIccnHTPBWiYv3f37VxMwxaU9D4+yg=="],

    "@typescript/native-preview-darwin-x64": ["@typescript/native-preview-darwin-x64@7.0.0-dev.20251114.1", "", { "os": "darwin", "cpu": "x64" }, "sha512-Z/OEqEIKEoNrMGIkUlmrAAP04XLAYpUAFxXL5wsVMDVEZCQvf0GTqXrjHKfn1DjqVDSjzVdfB+nzo/tY23jlaA=="],

    "@typescript/native-preview-linux-arm": ["@typescript/native-preview-linux-arm@7.0.0-dev.20251114.1", "", { "os": "linux", "cpu": "arm" }, "sha512-uQH+s8j5LOS436eN3iGzQZF876VEmFR0Xbm2y8Q6KCjOwyRzLG89dMnRlAav1PeVkZhXc5Xd7YZrNXZeDRzD2A=="],

    "@typescript/native-preview-linux-arm64": ["@typescript/native-preview-linux-arm64@7.0.0-dev.20251114.1", "", { "os": "linux", "cpu": "arm64" }, "sha512-jfC/oa2E8L4ckbgdM3v3dHMvuy1Ar9Ld+XqiRrRmF5sgDn4HntSRl5Eb5KuwNzGsDqTCmxXRLXkjhjvkEghqOQ=="],

    "@typescript/native-preview-linux-x64": ["@typescript/native-preview-linux-x64@7.0.0-dev.20251114.1", "", { "os": "linux", "cpu": "x64" }, "sha512-julOFdTg+/aNO92rkyqzEHnehdjDo3ha+fgI7QmFf5Mfnw3DeRZ/DeaqODiqXKHpBACkJ5DPrIEltMo81ySC3g=="],

    "@typescript/native-preview-win32-arm64": ["@typescript/native-preview-win32-arm64@7.0.0-dev.20251114.1", "", { "os": "win32", "cpu": "arm64" }, "sha512-oPuFHAxFaaes/hOKy5C8GYSYdw0YnhAl2TKlCyodc8HA4YMEM7d6y/v21MqmKsBsCaG/sT/VS41AnVHB3njSrg=="],

    "@typescript/native-preview-win32-x64": ["@typescript/native-preview-win32-x64@7.0.0-dev.20251114.1", "", { "os": "win32", "cpu": "x64" }, "sha512-6JwBfDEwvTUg4dO2AgJ2CxOpnVlACXLQyY6btOx4FzmpyDKx3hP1+u/AN6xxGMEztmc0XZpsNZ1T2nIZyT1uGA=="],

    "ansis": ["ansis@4.2.0", "", {}, "sha512-HqZ5rWlFjGiV0tDm3UxxgNRqsOTniqoKZu0pIAfh7TZQMGuZK+hH0drySty0si0QXj1ieop4+SkSfPZBPPkHig=="],

    "ast-kit": ["ast-kit@2.1.3", "", { "dependencies": { "@babel/parser": "^7.28.4", "pathe": "^2.0.3" } }, "sha512-TH+b3Lv6pUjy/Nu0m6A2JULtdzLpmqF9x1Dhj00ZoEiML8qvVA9j1flkzTKNYgdEhWrjDwtWNpyyCUbfQe514g=="],

    "birpc": ["birpc@2.6.1", "", {}, "sha512-LPnFhlDpdSH6FJhJyn4M0kFO7vtQ5iPw24FnG0y21q09xC7e8+1LeR31S1MAIrDAHp4m7aas4bEkTDTvMAtebQ=="],

    "bun-types": ["bun-types@1.0.29", "", { "dependencies": { "@types/node": "~20.11.3", "@types/ws": "~8.5.10" } }, "sha512-Z+U1ORr/2UCwxelIZxE83pyPLclviYL9UewQCNEUmGeLObY8ao+3WF3D8N1+NMv2+S+hUWsdBJam+4GoPEz35g=="],

    "cac": ["cac@6.7.14", "", {}, "sha512-b6Ilus+c3RrdDk+JhLKUAQfzzgLEPy6wcXqS7f/xe1EETvsDP6GORG7SFuOs6cID5YkqchW/LXZbX5bc8j7ZcQ=="],

    "chokidar": ["chokidar@4.0.3", "", { "dependencies": { "readdirp": "^4.0.1" } }, "sha512-Qgzu8kfBvo+cA4962jnP1KkS6Dop5NS6g7R5LFYJr4b8Ub94PPQXUksCw9PvXoeXPRRddRNC5C1JQUR2SMGtnA=="],

    "ci-info": ["ci-info@4.0.0", "", {}, "sha512-TdHqgGf9odd8SXNuxtUBVx8Nv+qZOejE6qyqiy5NtbYYQOeFa6zmHkxlPzmaLxWWHsU6nJmB7AETdVPi+2NBUg=="],

    "debug": ["debug@4.4.3", "", { "dependencies": { "ms": "^2.1.3" } }, "sha512-RGwwWnwQvkVfavKVt22FGLw+xYSdzARwm0ru6DhTVA3umU5hZc28V3kO4stgYryrTlLpuvgI9GiijltAjNbcqA=="],

    "defu": ["defu@6.1.4", "", {}, "sha512-mEQCMmwJu317oSz8CwdIOdwf3xMif1ttiM8LTufzc3g6kR+9Pe236twL8j3IYT1F7GfRgGcW6MWxzZjLIkuHIg=="],

    "diff": ["diff@8.0.2", "", {}, "sha512-sSuxWU5j5SR9QQji/o2qMvqRNYRDOcBTgsJ/DeCf4iSN4gW+gNMXM7wFIP+fdXZxoNiAnHUTGjCr+TSWXdRDKg=="],

    "dts-resolver": ["dts-resolver@2.1.2", "", { "peerDependencies": { "oxc-resolver": ">=11.0.0" }, "optionalPeers": ["oxc-resolver"] }, "sha512-xeXHBQkn2ISSXxbJWD828PFjtyg+/UrMDo7W4Ffcs7+YWCquxU8YjV1KoxuiL+eJ5pg3ll+bC6flVv61L3LKZg=="],

    "empathic": ["empathic@2.0.0", "", {}, "sha512-i6UzDscO/XfAcNYD75CfICkmfLedpyPDdozrLMmQc5ORaQcdMoc21OnlEylMIqI7U8eniKrPMxxtj8k0vhmJhA=="],

    "fdir": ["fdir@6.5.0", "", { "peerDependencies": { "picomatch": "^3 || ^4" }, "optionalPeers": ["picomatch"] }, "sha512-tIbYtZbucOs0BRGqPJkshJUYdL+SDH7dVM8gjy+ERp3WAUjLEFJE+02kanyHtwjWOnwrKYBiwAmM0p4kLJAnXg=="],

    "get-tsconfig": ["get-tsconfig@4.13.0", "", { "dependencies": { "resolve-pkg-maps": "^1.0.0" } }, "sha512-1VKTZJCwBrvbd+Wn3AOgQP/2Av+TfTCOlE4AcRJE72W1ksZXbAx8PPBR9RzgTeSPzlPMHrbANMH3LbltH73wxQ=="],

    "hookable": ["hookable@5.5.3", "", {}, "sha512-Yc+BQe8SvoXH1643Qez1zqLRmbA5rCL+sSmk6TVos0LWVfNIB7PGncdlId77WzLGSIB5KaWgTaNTs2lNVEI6VQ=="],

    "jiti": ["jiti@2.6.1", "", { "bin": { "jiti": "lib/jiti-cli.mjs" } }, "sha512-ekilCSN1jwRvIbgeg/57YFh8qQDNbwDb9xT/qu2DAHbFFZUicIl4ygVaAvzveMhMVr3LnpSKTNnwt8PoOfmKhQ=="],

    "jsesc": ["jsesc@3.1.0", "", { "bin": { "jsesc": "bin/jsesc" } }, "sha512-/sM3dO2FOzXjKQhJuo0Q173wf2KOo8t4I8vHy6lF9poUp7bKT0/NHE8fPX23PwfhnykfqnC2xRxOnVw5XuGIaA=="],

    "magic-string": ["magic-string@0.30.21", "", { "dependencies": { "@jridgewell/sourcemap-codec": "^1.5.5" } }, "sha512-vd2F4YUyEXKGcLHoq+TEyCjxueSeHnFxyyjNp80yg0XV4vUhnDer/lvvlqM/arB5bXQN5K2/3oinyCRyx8T2CQ=="],

    "mri": ["mri@1.2.0", "", {}, "sha512-tzzskb3bG8LvYGFF/mDTpq3jpI6Q9wc3LEmBaghu+DdCssd1FakN7Bc0hVNmEyGq1bq3RgfkCb3cmQLpNPOroA=="],

    "ms": ["ms@2.1.3", "", {}, "sha512-6FlzubTLZG3J2a/NVCAleEhjzq5oxgHyaCU9yYXvcLsvoVaHJq/s5xXI6/XXP6tz7R9xAOtHnSO/tXtF3WRTlA=="],

    "oxlint": ["oxlint@1.22.0", "", { "optionalDependencies": { "@oxlint/darwin-arm64": "1.22.0", "@oxlint/darwin-x64": "1.22.0", "@oxlint/linux-arm64-gnu": "1.22.0", "@oxlint/linux-arm64-musl": "1.22.0", "@oxlint/linux-x64-gnu": "1.22.0", "@oxlint/linux-x64-musl": "1.22.0", "@oxlint/win32-arm64": "1.22.0", "@oxlint/win32-x64": "1.22.0" }, "peerDependencies": { "oxlint-tsgolint": ">=0.2.0" }, "optionalPeers": ["oxlint-tsgolint"], "bin": { "oxlint": "bin/oxlint", "oxc_language_server": "bin/oxc_language_server" } }, "sha512-/HYT1Cfanveim9QUM6KlPKJe9y+WPnh3SxIB7z1InWnag9S0nzxLaWEUiW1P4UGzh/No3KvtNmBv2IOiwAl2/w=="],

    "package-manager-detector": ["package-manager-detector@1.4.0", "", {}, "sha512-rRZ+pR1Usc+ND9M2NkmCvE/LYJS+8ORVV9X0KuNSY/gFsp7RBHJM/ADh9LYq4Vvfq6QkKrW6/weuh8SMEtN5gw=="],

    "pathe": ["pathe@2.0.3", "", {}, "sha512-WUjGcAqP1gQacoQe+OBJsFA7Ld4DyXuUIjZ5cc75cLHvJ7dtNsTugphxIADwspS+AraAUePCKrSVtPLFj/F88w=="],

    "picocolors": ["picocolors@1.1.1", "", {}, "sha512-xceH2snhtb5M9liqDsmEw56le376mTZkEX/jEb/RxNFyegNul7eNslCXP9FDj/Lcu0X8KEyMceP2ntpaHrDEVA=="],

    "picomatch": ["picomatch@4.0.3", "", {}, "sha512-5gTmgEY/sqK6gFXLIsQNH19lWb4ebPDLA4SdLP7dsWkIXHWlG66oPuVvXSGFPppYZz8ZDZq0dYYrbHfBCVUb1Q=="],

    "publint": ["publint@0.3.14", "", { "dependencies": { "@publint/pack": "^0.1.2", "package-manager-detector": "^1.3.0", "picocolors": "^1.1.1", "sade": "^1.8.1" }, "bin": { "publint": "src/cli.js" } }, "sha512-14/VNBvWsrBeqWNDw8c/DK5ERcZBUwL1rnkVx18cQnF3zadr3GfoYtvD8mxi1dhkWpaPHp8kfi92MDbjMeW3qw=="],

    "quansync": ["quansync@0.2.11", "", {}, "sha512-AifT7QEbW9Nri4tAwR5M/uzpBuqfZf+zwaEM/QkzEjj7NBuFD2rBuy0K3dE+8wltbezDV7JMA0WfnCPYRSYbXA=="],

    "readdirp": ["readdirp@4.1.2", "", {}, "sha512-GDhwkLfywWL2s6vEjyhri+eXmfH6j1L7JE27WhqLeYzoh/A3DBaYGEj2H/HFZCn/kMfim73FXxEJTw06WtxQwg=="],

    "resolve-pkg-maps": ["resolve-pkg-maps@1.0.0", "", {}, "sha512-seS2Tj26TBVOC2NIc2rOe2y2ZO7efxITtLZcGSOnHHNOQ7CkiUBfw0Iw2ck6xkIhPwLhKNLS8BO+hEpngQlqzw=="],

    "rolldown": ["rolldown@1.0.0-beta.44", "", { "dependencies": { "@oxc-project/types": "=0.95.0", "@rolldown/pluginutils": "1.0.0-beta.44" }, "optionalDependencies": { "@rolldown/binding-android-arm64": "1.0.0-beta.44", "@rolldown/binding-darwin-arm64": "1.0.0-beta.44", "@rolldown/binding-darwin-x64": "1.0.0-beta.44", "@rolldown/binding-freebsd-x64": "1.0.0-beta.44", "@rolldown/binding-linux-arm-gnueabihf": "1.0.0-beta.44", "@rolldown/binding-linux-arm64-gnu": "1.0.0-beta.44", "@rolldown/binding-linux-arm64-musl": "1.0.0-beta.44", "@rolldown/binding-linux-x64-gnu": "1.0.0-beta.44", "@rolldown/binding-linux-x64-musl": "1.0.0-beta.44", "@rolldown/binding-openharmony-arm64": "1.0.0-beta.44", "@rolldown/binding-wasm32-wasi": "1.0.0-beta.44", "@rolldown/binding-win32-arm64-msvc": "1.0.0-beta.44", "@rolldown/binding-win32-ia32-msvc": "1.0.0-beta.44", "@rolldown/binding-win32-x64-msvc": "1.0.0-beta.44" }, "bin": { "rolldown": "bin/cli.mjs" } }, "sha512-gcqgyCi3g93Fhr49PKvymE8PoaGS0sf6ajQrsYaQ8o5de6aUEbD6rJZiJbhOfpcqOnycgsAsUNPYri1h25NgsQ=="],

    "rolldown-plugin-dts": ["rolldown-plugin-dts@0.16.12", "", { "dependencies": { "@babel/generator": "^7.28.3", "@babel/parser": "^7.28.4", "@babel/types": "^7.28.4", "ast-kit": "^2.1.3", "birpc": "^2.6.1", "debug": "^4.4.3", "dts-resolver": "^2.1.2", "get-tsconfig": "^4.12.0", "magic-string": "^0.30.19" }, "peerDependencies": { "@ts-macro/tsc": "^0.3.6", "@typescript/native-preview": ">=7.0.0-dev.20250601.1", "rolldown": "^1.0.0-beta.9", "typescript": "^5.0.0", "vue-tsc": "~3.1.0" }, "optionalPeers": ["@ts-macro/tsc", "@typescript/native-preview", "typescript", "vue-tsc"] }, "sha512-9dGjm5oqtKcbZNhpzyBgb8KrYiU616A7IqcFWG7Msp1RKAXQ/hapjivRg+g5IYWSiFhnk3OKYV5T4Ft1t8Cczg=="],

    "sade": ["sade@1.8.1", "", { "dependencies": { "mri": "^1.1.0" } }, "sha512-xal3CZX1Xlo/k4ApwCFrHVACi9fBqJ7V+mwhBsuf/1IOKbBy098Fex+Wa/5QMubw09pSZ/u8EY8PWgevJsXp1A=="],

    "semver": ["semver@7.7.3", "", { "bin": { "semver": "bin/semver.js" } }, "sha512-SdsKMrI9TdgjdweUSR9MweHA4EJ8YxHn8DFaDisvhVlUOe4BF1tLD7GAj0lIqWVl+dPb/rExr0Btby5loQm20Q=="],

    "tinyexec": ["tinyexec@1.0.1", "", {}, "sha512-5uC6DDlmeqiOwCPmK9jMSdOuZTh8bU39Ys6yidB+UTt5hfZUPGAypSgFRiEp+jbi9qH40BLDvy85jIU88wKSqw=="],

    "tinyglobby": ["tinyglobby@0.2.15", "", { "dependencies": { "fdir": "^6.5.0", "picomatch": "^4.0.3" } }, "sha512-j2Zq4NyQYG5XMST4cbs02Ak8iJUdxRM0XI5QyxXuZOzKOINmWurp3smXu3y5wDcJrptwpSjgXHzIQxR0omXljQ=="],

    "tree-kill": ["tree-kill@1.2.2", "", { "bin": { "tree-kill": "cli.js" } }, "sha512-L0Orpi8qGpRG//Nd+H90vFB+3iHnue1zSSGmNOOCh1GLJ7rUKVwV2HvijphGQS2UmhUZewS9VgvxYIdgr+fG1A=="],

    "tsdown": ["tsdown@0.15.9", "", { "dependencies": { "ansis": "^4.2.0", "cac": "^6.7.14", "chokidar": "^4.0.3", "debug": "^4.4.3", "diff": "^8.0.2", "empathic": "^2.0.0", "hookable": "^5.5.3", "rolldown": "1.0.0-beta.44", "rolldown-plugin-dts": "^0.16.12", "semver": "^7.7.3", "tinyexec": "^1.0.1", "tinyglobby": "^0.2.15", "tree-kill": "^1.2.2", "unconfig": "^7.3.3" }, "peerDependencies": { "@arethetypeswrong/core": "^0.18.1", "publint": "^0.3.0", "typescript": "^5.0.0", "unplugin-lightningcss": "^0.4.0", "unplugin-unused": "^0.5.0" }, "optionalPeers": ["@arethetypeswrong/core", "publint", "typescript", "unplugin-lightningcss", "unplugin-unused"], "bin": { "tsdown": "dist/run.mjs" } }, "sha512-C0EJYpXIYdlJokTumIL4lmv/wEiB20oa6iiYsXFE7Q0VKF3Ju6TQ7XAn4JQdm+2iQGEfl8cnEKcX5DB7iVR5Dw=="],

    "tslib": ["tslib@2.8.1", "", {}, "sha512-oJFu94HQb+KVduSUQL7wnpmqnfmLsOA/nAh6b6EH0wCEoK0/mPeXU6c3wKDV83MkOuHPRHtSXKKU99IBazS/2w=="],

    "typescript": ["typescript@5.9.3", "", { "bin": { "tsc": "bin/tsc", "tsserver": "bin/tsserver" } }, "sha512-jl1vZzPDinLr9eUt3J/t7V6FgNEw9QjvBPdysz9KfQDD41fQrC2Y4vKQdiaUpFT4bXlb1RHhLpp8wtm6M5TgSw=="],

    "unconfig": ["unconfig@7.3.3", "", { "dependencies": { "@quansync/fs": "^0.1.5", "defu": "^6.1.4", "jiti": "^2.5.1", "quansync": "^0.2.11" } }, "sha512-QCkQoOnJF8L107gxfHL0uavn7WD9b3dpBcFX6HtfQYmjw2YzWxGuFQ0N0J6tE9oguCBJn9KOvfqYDCMPHIZrBA=="],

    "undici-types": ["undici-types@5.26.5", "", {}, "sha512-JlCMO+ehdEIKqlFxk6IfVoAUVmgz7cU7zD/h9XZ0qzeosSHmUJVOzSQvvYSYWXkFXC+IfLKSIffhv0sVZup6pA=="],
  }
}
